
Microsoft Visual Studio Solution File, Format Version 12.00
# Visual Studio Version 16
VisualStudioVersion = 16.0.32228.343
MinimumVisualStudioVersion = 10.0.40219.1
Project("{9A19103F-16F7-4668-BE54-9A1E7A4F7556}") = "Zadanie1", "Zadanie1\Zadanie1.csproj", "{796997DF-0334-453B-9607-C7C3D4BCE57B}"
EndProject
Project("{9A19103F-16F7-4668-BE54-9A1E7A4F7556}") = "Zadanie1UnitTests", "Zadanie1UnitTests\Zadanie1UnitTests.csproj", "{36395C2B-4C3D-42B6-9E9E-6ECA667D33AA}"
	ProjectSection(ProjectDependencies) = postProject
		{796997DF-0334-453B-9607-C7C3D4BCE57B} = {796997DF-0334-453B-9607-C7C3D4BCE57B}
	EndProjectSection
EndProject
Project("{9A19103F-16F7-4668-BE54-9A1E7A4F7556}") = "Zadanie2", "Zadanie2\Zadanie2.csproj", "{1AF40928-4B5D-4F8D-A4CA-43CAC62CA6B3}"
EndProject
Project("{9A19103F-16F7-4668-BE54-9A1E7A4F7556}") = "Zadanie2UnitTests", "Zadanie2UnitTests\Zadanie2UnitTests.csproj", "{FE0903B1-0A3C-4203-8975-7CF2DF69FD82}"
EndProject
Project("{9A19103F-16F7-4668-BE54-9A1E7A4F7556}") = "Zadanie3", "Zadanie3\Zadanie3.csproj", "{5F427371-594D-4AC0-AFE5-D839D694DDC1}"
EndProject
Project("{FAE04EC0-301F-11D3-BF4B-00C04F79EFBC}") = "Zadanie3UnitTests", "Zadanie3UnitTests\Zadanie3UnitTests.csproj", "{70A6A70F-4AAF-4FB0-B9D4-F5610856797D}"
EndProject
Global
	GlobalSection(SolutionConfigurationPlatforms) = preSolution
		Debug|Any CPU = Debug|Any CPU
		Release|Any CPU = Release|Any CPU
	EndGlobalSection
	GlobalSection(ProjectConfigurationPlatforms) = postSolution
		{796997DF-0334-453B-9607-C7C3D4BCE57B}.Debug|Any CPU.ActiveCfg = Debug|Any CPU
		{796997DF-0334-453B-9607-C7C3D4BCE57B}.Debug|Any CPU.Build.0 = Debug|Any CPU
		{796997DF-0334-453B-9607-C7C3D4BCE57B}.Release|Any CPU.ActiveCfg = Release|Any CPU
		{796997DF-0334-453B-9607-C7C3D4BCE57B}.Release|Any CPU.Build.0 = Release|Any CPU
		{36395C2B-4C3D-42B6-9E9E-6ECA667D33AA}.Debug|Any CPU.ActiveCfg = Debug|Any CPU
		{36395C2B-4C3D-42B6-9E9E-6ECA667D33AA}.Debug|Any CPU.Build.0 = Debug|Any CPU
		{36395C2B-4C3D-42B6-9E9E-6ECA667D33AA}.Release|Any CPU.ActiveCfg = Release|Any CPU
		{36395C2B-4C3D-42B6-9E9E-6ECA667D33AA}.Release|Any CPU.Build.0 = Release|Any CPU
		{1AF40928-4B5D-4F8D-A4CA-43CAC62CA6B3}.Debug|Any CPU.ActiveCfg = Debug|Any CPU
		{1AF40928-4B5D-4F8D-A4CA-43CAC62CA6B3}.Debug|Any CPU.Build.0 = Debug|Any CPU
		{1AF40928-4B5D-4F8D-A4CA-43CAC62CA6B3}.Release|Any CPU.ActiveCfg = Release|Any CPU
		{1AF40928-4B5D-4F8D-A4CA-43CAC62CA6B3}.Release|Any CPU.Build.0 = Release|Any CPU
		{FE0903B1-0A3C-4203-8975-7CF2DF69FD82}.Debug|Any CPU.ActiveCfg = Debug|Any CPU
		{FE0903B1-0A3C-4203-8975-7CF2DF69FD82}.Debug|Any CPU.Build.0 = Debug|Any CPU
		{FE0903B1-0A3C-4203-8975-7CF2DF69FD82}.Release|Any CPU.ActiveCfg = Release|Any CPU
		{FE0903B1-0A3C-4203-8975-7CF2DF69FD82}.Release|Any CPU.Build.0 = Release|Any CPU
		{5F427371-594D-4AC0-AFE5-D839D694DDC1}.Debug|Any CPU.ActiveCfg = Debug|Any CPU
		{5F427371-594D-4AC0-AFE5-D839D694DDC1}.Debug|Any CPU.Build.0 = Debug|Any CPU
		{5F427371-594D-4AC0-AFE5-D839D694DDC1}.Release|Any CPU.ActiveCfg = Release|Any CPU
		{5F427371-594D-4AC0-AFE5-D839D694DDC1}.Release|Any CPU.Build.0 = Release|Any CPU
		{70A6A70F-4AAF-4FB0-B9D4-F5610856797D}.Debug|Any CPU.ActiveCfg = Debug|Any CPU
		{70A6A70F-4AAF-4FB0-B9D4-F5610856797D}.Debug|Any CPU.Build.0 = Debug|Any CPU
		{70A6A70F-4AAF-4FB0-B9D4-F5610856797D}.Release|Any CPU.ActiveCfg = Release|Any CPU
		{70A6A70F-4AAF-4FB0-B9D4-F5610856797D}.Release|Any CPU.Build.0 = Release|Any CPU
	EndGlobalSection
	GlobalSection(SolutionProperties) = preSolution
		HideSolutionNode = FALSE
	EndGlobalSection
	GlobalSection(ExtensibilityGlobals) = postSolution
		SolutionGuid = {8736D5FF-92A0-49CA-BF9D-3D74F1FB7800}
	EndGlobalSection
EndGlobal
