
Microsoft Visual Studio Solution File, Format Version 12.00
# Visual Studio Version 16
VisualStudioVersion = 16.0.32228.343
MinimumVisualStudioVersion = 10.0.40219.1
Project("{FAE04EC0-301F-11D3-BF4B-00C04F79EFBC}") = "Zadanie1", ".\Zadanie1\Zadanie1.csproj", "{796997DF-0334-453B-9607-C7C3D4BCE57B}"
EndProject
Project("{FAE04EC0-301F-11D3-BF4B-00C04F79EFBC}") = "Zadanie1UnitTests", ".\Zadanie1UnitTests\Zadanie1UnitTests.csproj", "{36395C2B-4C3D-42B6-9E9E-6ECA667D33AA}"
	ProjectSection(ProjectDependencies) = postProject
		{796997DF-0334-453B-9607-C7C3D4BCE57B} = {796997DF-0334-453B-9607-C7C3D4BCE57B}
	EndProjectSection
EndProject
Global
	GlobalSection(SolutionConfigurationPlatforms) = preSolution
		Debug|Any CPU = Debug|Any CPU
		Release|Any CPU = Release|Any CPU
	EndGlobalSection
	GlobalSection(ProjectConfigurationPlatforms) = postSolution
		{796997DF-0334-453B-9607-C7C3D4BCE57B}.Debug|Any CPU.ActiveCfg = Debug|Any CPU
		{796997DF-0334-453B-9607-C7C3D4BCE57B}.Debug|Any CPU.Build.0 = Debug|Any CPU
		{796997DF-0334-453B-9607-C7C3D4BCE57B}.Release|Any CPU.ActiveCfg = Release|Any CPU
		{796997DF-0334-453B-9607-C7C3D4BCE57B}.Release|Any CPU.Build.0 = Release|Any CPU
		{36395C2B-4C3D-42B6-9E9E-6ECA667D33AA}.Debug|Any CPU.ActiveCfg = Debug|Any CPU
		{36395C2B-4C3D-42B6-9E9E-6ECA667D33AA}.Debug|Any CPU.Build.0 = Debug|Any CPU
		{36395C2B-4C3D-42B6-9E9E-6ECA667D33AA}.Release|Any CPU.ActiveCfg = Release|Any CPU
		{36395C2B-4C3D-42B6-9E9E-6ECA667D33AA}.Release|Any CPU.Build.0 = Release|Any CPU
	EndGlobalSection
	GlobalSection(SolutionProperties) = preSolution
		HideSolutionNode = FALSE
	EndGlobalSection
	GlobalSection(ExtensibilityGlobals) = postSolution
		SolutionGuid = {8736D5FF-92A0-49CA-BF9D-3D74F1FB7800}
	EndGlobalSection
EndGlobal
